
Microsoft Visual Studio Solution File, Format Version 12.00
# Visual Studio Version 17
VisualStudioVersion = 17.9.34728.123
MinimumVisualStudioVersion = 10.0.40219.1
Project("{9A19103F-16F7-4668-BE54-9A1E7A4F7556}") = "EFCoreAssignment01.WebApp", "EFCoreAssignment01.WebApp\EFCoreAssignment01.WebApp.csproj", "{769DF95C-6791-49D4-AEFF-6874602F9437}"
EndProject
Global
	GlobalSection(SolutionConfigurationPlatforms) = preSolution
		Debug|Any CPU = Debug|Any CPU
		Release|Any CPU = Release|Any CPU
	EndGlobalSection
	GlobalSection(ProjectConfigurationPlatforms) = postSolution
		{769DF95C-6791-49D4-AEFF-6874602F9437}.Debug|Any CPU.ActiveCfg = Debug|Any CPU
		{769DF95C-6791-49D4-AEFF-6874602F9437}.Debug|Any CPU.Build.0 = Debug|Any CPU
		{769DF95C-6791-49D4-AEFF-6874602F9437}.Release|Any CPU.ActiveCfg = Release|Any CPU
		{769DF95C-6791-49D4-AEFF-6874602F9437}.Release|Any CPU.Build.0 = Release|Any CPU
	EndGlobalSection
	GlobalSection(SolutionProperties) = preSolution
		HideSolutionNode = FALSE
	EndGlobalSection
	GlobalSection(ExtensibilityGlobals) = postSolution
		SolutionGuid = {A31CDD0F-6D96-4ACB-B8A5-764C59DB7E10}
	EndGlobalSection
EndGlobal
